// !$*UTF8*$!
{
	archiveVersion = 1;
	classes = {
	};
	objectVersion = 56;
	objects = {

/* Begin PBXBuildFile section */
		B4DE25B52C947ED600A6BE34 /* Ext-UIImageView.swift in Sources */ = {isa = PBXBuildFile; fileRef = B4DE25B42C947ED600A6BE34 /* Ext-UIImageView.swift */; };
		B4DE25B72C947F3500A6BE34 /* MovieDetailViewController.swift in Sources */ = {isa = PBXBuildFile; fileRef = B4DE25B62C947F3500A6BE34 /* MovieDetailViewController.swift */; };
		B4EF98312C946CEE0067886E /* AppDelegate.swift in Sources */ = {isa = PBXBuildFile; fileRef = B4EF98302C946CEE0067886E /* AppDelegate.swift */; };
		B4EF98332C946CEE0067886E /* SceneDelegate.swift in Sources */ = {isa = PBXBuildFile; fileRef = B4EF98322C946CEE0067886E /* SceneDelegate.swift */; };
		B4EF98352C946CEE0067886E /* ViewController.swift in Sources */ = {isa = PBXBuildFile; fileRef = B4EF98342C946CEE0067886E /* ViewController.swift */; };
		B4EF98382C946CEE0067886E /* Main.storyboard in Resources */ = {isa = PBXBuildFile; fileRef = B4EF98362C946CEE0067886E /* Main.storyboard */; };
		B4EF983A2C946CEF0067886E /* Assets.xcassets in Resources */ = {isa = PBXBuildFile; fileRef = B4EF98392C946CEF0067886E /* Assets.xcassets */; };
		B4EF983D2C946CEF0067886E /* LaunchScreen.storyboard in Resources */ = {isa = PBXBuildFile; fileRef = B4EF983B2C946CEF0067886E /* LaunchScreen.storyboard */; };
		B4EF98462C946E000067886E /* MovieModel.swift in Sources */ = {isa = PBXBuildFile; fileRef = B4EF98452C946E000067886E /* MovieModel.swift */; };
		B4EF98492C946ED50067886E /* NetworkManager.swift in Sources */ = {isa = PBXBuildFile; fileRef = B4EF98482C946ED50067886E /* NetworkManager.swift */; };
		B4EF984C2C9471640067886E /* MovieCollectionViewCell.swift in Sources */ = {isa = PBXBuildFile; fileRef = B4EF984B2C9471640067886E /* MovieCollectionViewCell.swift */; };
/* End PBXBuildFile section */

/* Begin PBXFileReference section */
		B4DE25B42C947ED600A6BE34 /* Ext-UIImageView.swift */ = {isa = PBXFileReference; lastKnownFileType = sourcecode.swift; path = "Ext-UIImageView.swift"; sourceTree = "<group>"; };
		B4DE25B62C947F3500A6BE34 /* MovieDetailViewController.swift */ = {isa = PBXFileReference; lastKnownFileType = sourcecode.swift; path = MovieDetailViewController.swift; sourceTree = "<group>"; };
		B4EF982D2C946CEE0067886E /* NetflixMovies.app */ = {isa = PBXFileReference; explicitFileType = wrapper.application; includeInIndex = 0; path = NetflixMovies.app; sourceTree = BUILT_PRODUCTS_DIR; };
		B4EF98302C946CEE0067886E /* AppDelegate.swift */ = {isa = PBXFileReference; lastKnownFileType = sourcecode.swift; path = AppDelegate.swift; sourceTree = "<group>"; };
		B4EF98322C946CEE0067886E /* SceneDelegate.swift */ = {isa = PBXFileReference; lastKnownFileType = sourcecode.swift; path = SceneDelegate.swift; sourceTree = "<group>"; };
		B4EF98342C946CEE0067886E /* ViewController.swift */ = {isa = PBXFileReference; lastKnownFileType = sourcecode.swift; path = ViewController.swift; sourceTree = "<group>"; };
		B4EF98372C946CEE0067886E /* Base */ = {isa = PBXFileReference; lastKnownFileType = file.storyboard; name = Base; path = Base.lproj/Main.storyboard; sourceTree = "<group>"; };
		B4EF98392C946CEF0067886E /* Assets.xcassets */ = {isa = PBXFileReference; lastKnownFileType = folder.assetcatalog; path = Assets.xcassets; sourceTree = "<group>"; };
		B4EF983C2C946CEF0067886E /* Base */ = {isa = PBXFileReference; lastKnownFileType = file.storyboard; name = Base; path = Base.lproj/LaunchScreen.storyboard; sourceTree = "<group>"; };
		B4EF983E2C946CEF0067886E /* Info.plist */ = {isa = PBXFileReference; lastKnownFileType = text.plist.xml; path = Info.plist; sourceTree = "<group>"; };
		B4EF98452C946E000067886E /* MovieModel.swift */ = {isa = PBXFileReference; lastKnownFileType = sourcecode.swift; path = MovieModel.swift; sourceTree = "<group>"; };
		B4EF98482C946ED50067886E /* NetworkManager.swift */ = {isa = PBXFileReference; lastKnownFileType = sourcecode.swift; path = NetworkManager.swift; sourceTree = "<group>"; };
		B4EF984B2C9471640067886E /* MovieCollectionViewCell.swift */ = {isa = PBXFileReference; lastKnownFileType = sourcecode.swift; path = MovieCollectionViewCell.swift; sourceTree = "<group>"; };
/* End PBXFileReference section */

/* Begin PBXFrameworksBuildPhase section */
		B4EF982A2C946CEE0067886E /* Frameworks */ = {
			isa = PBXFrameworksBuildPhase;
			buildActionMask = 2147483647;
			files = (
			);
			runOnlyForDeploymentPostprocessing = 0;
		};
/* End PBXFrameworksBuildPhase section */

/* Begin PBXGroup section */
		B4DE25B32C947EB600A6BE34 /* Extensions */ = {
			isa = PBXGroup;
			children = (
				B4DE25B42C947ED600A6BE34 /* Ext-UIImageView.swift */,
			);
			path = Extensions;
			sourceTree = "<group>";
		};
		B4DE25B82C94863500A6BE34 /* Controller */ = {
			isa = PBXGroup;
			children = (
				B4EF984B2C9471640067886E /* MovieCollectionViewCell.swift */,
				B4EF98342C946CEE0067886E /* ViewController.swift */,
				B4DE25B62C947F3500A6BE34 /* MovieDetailViewController.swift */,
			);
			path = Controller;
			sourceTree = "<group>";
		};
		B4DE25B92C94864E00A6BE34 /* Supportings */ = {
			isa = PBXGroup;
			children = (
				B4EF98302C946CEE0067886E /* AppDelegate.swift */,
				B4EF98322C946CEE0067886E /* SceneDelegate.swift */,
				B4EF98392C946CEF0067886E /* Assets.xcassets */,
			);
			path = Supportings;
			sourceTree = "<group>";
		};
		B4EF98242C946CEE0067886E = {
			isa = PBXGroup;
			children = (
				B4EF982F2C946CEE0067886E /* NetflixMovies */,
				B4EF982E2C946CEE0067886E /* Products */,
			);
			sourceTree = "<group>";
		};
		B4EF982E2C946CEE0067886E /* Products */ = {
			isa = PBXGroup;
			children = (
				B4EF982D2C946CEE0067886E /* NetflixMovies.app */,
			);
			name = Products;
			sourceTree = "<group>";
		};
		B4EF982F2C946CEE0067886E /* NetflixMovies */ = {
			isa = PBXGroup;
			children = (
				B4DE25B92C94864E00A6BE34 /* Supportings */,
				B4DE25B32C947EB600A6BE34 /* Extensions */,
				B4EF98472C946EBF0067886E /* NetworkManager */,
				B4EF98442C946DEE0067886E /* Model */,
				B4EF984A2C94714E0067886E /* View */,
				B4DE25B82C94863500A6BE34 /* Controller */,
				B4EF983E2C946CEF0067886E /* Info.plist */,
			);
			path = NetflixMovies;
			sourceTree = "<group>";
		};
		B4EF98442C946DEE0067886E /* Model */ = {
			isa = PBXGroup;
			children = (
				B4EF98452C946E000067886E /* MovieModel.swift */,
			);
			path = Model;
			sourceTree = "<group>";
		};
		B4EF98472C946EBF0067886E /* NetworkManager */ = {
			isa = PBXGroup;
			children = (
				B4EF98482C946ED50067886E /* NetworkManager.swift */,
			);
			path = NetworkManager;
			sourceTree = "<group>";
		};
		B4EF984A2C94714E0067886E /* View */ = {
			isa = PBXGroup;
			children = (
				B4EF98362C946CEE0067886E /* Main.storyboard */,
				B4EF983B2C946CEF0067886E /* LaunchScreen.storyboard */,
			);
			path = View;
			sourceTree = "<group>";
		};
/* End PBXGroup section */

/* Begin PBXNativeTarget section */
		B4EF982C2C946CEE0067886E /* NetflixMovies */ = {
			isa = PBXNativeTarget;
			buildConfigurationList = B4EF98412C946CEF0067886E /* Build configuration list for PBXNativeTarget "NetflixMovies" */;
			buildPhases = (
				B4EF98292C946CEE0067886E /* Sources */,
				B4EF982A2C946CEE0067886E /* Frameworks */,
				B4EF982B2C946CEE0067886E /* Resources */,
			);
			buildRules = (
			);
			dependencies = (
			);
			name = NetflixMovies;
			productName = NetflixMovies;
			productReference = B4EF982D2C946CEE0067886E /* NetflixMovies.app */;
			productType = "com.apple.product-type.application";
		};
/* End PBXNativeTarget section */

/* Begin PBXProject section */
		B4EF98252C946CEE0067886E /* Project object */ = {
			isa = PBXProject;
			attributes = {
				BuildIndependentTargetsInParallel = 1;
				LastSwiftUpdateCheck = 1430;
				LastUpgradeCheck = 1430;
				TargetAttributes = {
					B4EF982C2C946CEE0067886E = {
						CreatedOnToolsVersion = 14.3;
					};
				};
			};
			buildConfigurationList = B4EF98282C946CEE0067886E /* Build configuration list for PBXProject "NetflixMovies" */;
			compatibilityVersion = "Xcode 14.0";
			developmentRegion = en;
			hasScannedForEncodings = 0;
			knownRegions = (
				en,
				Base,
			);
			mainGroup = B4EF98242C946CEE0067886E;
			productRefGroup = B4EF982E2C946CEE0067886E /* Products */;
			projectDirPath = "";
			projectRoot = "";
			targets = (
				B4EF982C2C946CEE0067886E /* NetflixMovies */,
			);
		};
/* End PBXProject section */

/* Begin PBXResourcesBuildPhase section */
		B4EF982B2C946CEE0067886E /* Resources */ = {
			isa = PBXResourcesBuildPhase;
			buildActionMask = 2147483647;
			files = (
				B4EF983D2C946CEF0067886E /* LaunchScreen.storyboard in Resources */,
				B4EF983A2C946CEF0067886E /* Assets.xcassets in Resources */,
				B4EF98382C946CEE0067886E /* Main.storyboard in Resources */,
			);
			runOnlyForDeploymentPostprocessing = 0;
		};
/* End PBXResourcesBuildPhase section */

/* Begin PBXSourcesBuildPhase section */
		B4EF98292C946CEE0067886E /* Sources */ = {
			isa = PBXSourcesBuildPhase;
			buildActionMask = 2147483647;
			files = (
				B4EF98462C946E000067886E /* MovieModel.swift in Sources */,
				B4DE25B52C947ED600A6BE34 /* Ext-UIImageView.swift in Sources */,
				B4EF98352C946CEE0067886E /* ViewController.swift in Sources */,
				B4EF98492C946ED50067886E /* NetworkManager.swift in Sources */,
				B4DE25B72C947F3500A6BE34 /* MovieDetailViewController.swift in Sources */,
				B4EF984C2C9471640067886E /* MovieCollectionViewCell.swift in Sources */,
				B4EF98312C946CEE0067886E /* AppDelegate.swift in Sources */,
				B4EF98332C946CEE0067886E /* SceneDelegate.swift in Sources */,
			);
			runOnlyForDeploymentPostprocessing = 0;
		};
/* End PBXSourcesBuildPhase section */

/* Begin PBXVariantGroup section */
		B4EF98362C946CEE0067886E /* Main.storyboard */ = {
			isa = PBXVariantGroup;
			children = (
				B4EF98372C946CEE0067886E /* Base */,
			);
			name = Main.storyboard;
			sourceTree = "<group>";
		};
		B4EF983B2C946CEF0067886E /* LaunchScreen.storyboard */ = {
			isa = PBXVariantGroup;
			children = (
				B4EF983C2C946CEF0067886E /* Base */,
			);
			name = LaunchScreen.storyboard;
			sourceTree = "<group>";
		};
/* End PBXVariantGroup section */

/* Begin XCBuildConfiguration section */
		B4EF983F2C946CEF0067886E /* Debug */ = {
			isa = XCBuildConfiguration;
			buildSettings = {
				ALWAYS_SEARCH_USER_PATHS = NO;
				CLANG_ANALYZER_NONNULL = YES;
				CLANG_ANALYZER_NUMBER_OBJECT_CONVERSION = YES_AGGRESSIVE;
				CLANG_CXX_LANGUAGE_STANDARD = "gnu++20";
				CLANG_ENABLE_MODULES = YES;
				CLANG_ENABLE_OBJC_ARC = YES;
				CLANG_ENABLE_OBJC_WEAK = YES;
				CLANG_WARN_BLOCK_CAPTURE_AUTORELEASING = YES;
				CLANG_WARN_BOOL_CONVERSION = YES;
				CLANG_WARN_COMMA = YES;
				CLANG_WARN_CONSTANT_CONVERSION = YES;
				CLANG_WARN_DEPRECATED_OBJC_IMPLEMENTATIONS = YES;
				CLANG_WARN_DIRECT_OBJC_ISA_USAGE = YES_ERROR;
				CLANG_WARN_DOCUMENTATION_COMMENTS = YES;
				CLANG_WARN_EMPTY_BODY = YES;
				CLANG_WARN_ENUM_CONVERSION = YES;
				CLANG_WARN_INFINITE_RECURSION = YES;
				CLANG_WARN_INT_CONVERSION = YES;
				CLANG_WARN_NON_LITERAL_NULL_CONVERSION = YES;
				CLANG_WARN_OBJC_IMPLICIT_RETAIN_SELF = YES;
				CLANG_WARN_OBJC_LITERAL_CONVERSION = YES;
				CLANG_WARN_OBJC_ROOT_CLASS = YES_ERROR;
				CLANG_WARN_QUOTED_INCLUDE_IN_FRAMEWORK_HEADER = YES;
				CLANG_WARN_RANGE_LOOP_ANALYSIS = YES;
				CLANG_WARN_STRICT_PROTOTYPES = YES;
				CLANG_WARN_SUSPICIOUS_MOVE = YES;
				CLANG_WARN_UNGUARDED_AVAILABILITY = YES_AGGRESSIVE;
				CLANG_WARN_UNREACHABLE_CODE = YES;
				CLANG_WARN__DUPLICATE_METHOD_MATCH = YES;
				COPY_PHASE_STRIP = NO;
				DEBUG_INFORMATION_FORMAT = dwarf;
				ENABLE_STRICT_OBJC_MSGSEND = YES;
				ENABLE_TESTABILITY = YES;
				GCC_C_LANGUAGE_STANDARD = gnu11;
				GCC_DYNAMIC_NO_PIC = NO;
				GCC_NO_COMMON_BLOCKS = YES;
				GCC_OPTIMIZATION_LEVEL = 0;
				GCC_PREPROCESSOR_DEFINITIONS = (
					"DEBUG=1",
					"$(inherited)",
				);
				GCC_WARN_64_TO_32_BIT_CONVERSION = YES;
				GCC_WARN_ABOUT_RETURN_TYPE = YES_ERROR;
				GCC_WARN_UNDECLARED_SELECTOR = YES;
				GCC_WARN_UNINITIALIZED_AUTOS = YES_AGGRESSIVE;
				GCC_WARN_UNUSED_FUNCTION = YES;
				GCC_WARN_UNUSED_VARIABLE = YES;
				IPHONEOS_DEPLOYMENT_TARGET = 16.4;
				MTL_ENABLE_DEBUG_INFO = INCLUDE_SOURCE;
				MTL_FAST_MATH = YES;
				ONLY_ACTIVE_ARCH = YES;
				SDKROOT = iphoneos;
				SWIFT_ACTIVE_COMPILATION_CONDITIONS = DEBUG;
				SWIFT_OPTIMIZATION_LEVEL = "-Onone";
			};
			name = Debug;
		};
		B4EF98402C946CEF0067886E /* Release */ = {
			isa = XCBuildConfiguration;
			buildSettings = {
				ALWAYS_SEARCH_USER_PATHS = NO;
				CLANG_ANALYZER_NONNULL = YES;
				CLANG_ANALYZER_NUMBER_OBJECT_CONVERSION = YES_AGGRESSIVE;
				CLANG_CXX_LANGUAGE_STANDARD = "gnu++20";
				CLANG_ENABLE_MODULES = YES;
				CLANG_ENABLE_OBJC_ARC = YES;
				CLANG_ENABLE_OBJC_WEAK = YES;
				CLANG_WARN_BLOCK_CAPTURE_AUTORELEASING = YES;
				CLANG_WARN_BOOL_CONVERSION = YES;
				CLANG_WARN_COMMA = YES;
				CLANG_WARN_CONSTANT_CONVERSION = YES;
				CLANG_WARN_DEPRECATED_OBJC_IMPLEMENTATIONS = YES;
				CLANG_WARN_DIRECT_OBJC_ISA_USAGE = YES_ERROR;
				CLANG_WARN_DOCUMENTATION_COMMENTS = YES;
				CLANG_WARN_EMPTY_BODY = YES;
				CLANG_WARN_ENUM_CONVERSION = YES;
				CLANG_WARN_INFINITE_RECURSION = YES;
				CLANG_WARN_INT_CONVERSION = YES;
				CLANG_WARN_NON_LITERAL_NULL_CONVERSION = YES;
				CLANG_WARN_OBJC_IMPLICIT_RETAIN_SELF = YES;
				CLANG_WARN_OBJC_LITERAL_CONVERSION = YES;
				CLANG_WARN_OBJC_ROOT_CLASS = YES_ERROR;
				CLANG_WARN_QUOTED_INCLUDE_IN_FRAMEWORK_HEADER = YES;
				CLANG_WARN_RANGE_LOOP_ANALYSIS = YES;
				CLANG_WARN_STRICT_PROTOTYPES = YES;
				CLANG_WARN_SUSPICIOUS_MOVE = YES;
				CLANG_WARN_UNGUARDED_AVAILABILITY = YES_AGGRESSIVE;
				CLANG_WARN_UNREACHABLE_CODE = YES;
				CLANG_WARN__DUPLICATE_METHOD_MATCH = YES;
				COPY_PHASE_STRIP = NO;
				DEBUG_INFORMATION_FORMAT = "dwarf-with-dsym";
				ENABLE_NS_ASSERTIONS = NO;
				ENABLE_STRICT_OBJC_MSGSEND = YES;
				GCC_C_LANGUAGE_STANDARD = gnu11;
				GCC_NO_COMMON_BLOCKS = YES;
				GCC_WARN_64_TO_32_BIT_CONVERSION = YES;
				GCC_WARN_ABOUT_RETURN_TYPE = YES_ERROR;
				GCC_WARN_UNDECLARED_SELECTOR = YES;
				GCC_WARN_UNINITIALIZED_AUTOS = YES_AGGRESSIVE;
				GCC_WARN_UNUSED_FUNCTION = YES;
				GCC_WARN_UNUSED_VARIABLE = YES;
				IPHONEOS_DEPLOYMENT_TARGET = 16.4;
				MTL_ENABLE_DEBUG_INFO = NO;
				MTL_FAST_MATH = YES;
				SDKROOT = iphoneos;
				SWIFT_COMPILATION_MODE = wholemodule;
				SWIFT_OPTIMIZATION_LEVEL = "-O";
				VALIDATE_PRODUCT = YES;
			};
			name = Release;
		};
		B4EF98422C946CEF0067886E /* Debug */ = {
			isa = XCBuildConfiguration;
			buildSettings = {
				ASSETCATALOG_COMPILER_APPICON_NAME = AppIcon;
				ASSETCATALOG_COMPILER_GLOBAL_ACCENT_COLOR_NAME = AccentColor;
				CODE_SIGN_STYLE = Automatic;
				CURRENT_PROJECT_VERSION = 1;
				GENERATE_INFOPLIST_FILE = YES;
				INFOPLIST_FILE = NetflixMovies/Info.plist;
				INFOPLIST_KEY_UIApplicationSupportsIndirectInputEvents = YES;
				INFOPLIST_KEY_UILaunchStoryboardName = LaunchScreen;
				INFOPLIST_KEY_UIMainStoryboardFile = Main;
				INFOPLIST_KEY_UISupportedInterfaceOrientations_iPad = "UIInterfaceOrientationPortrait UIInterfaceOrientationPortraitUpsideDown UIInterfaceOrientationLandscapeLeft UIInterfaceOrientationLandscapeRight";
				INFOPLIST_KEY_UISupportedInterfaceOrientations_iPhone = "UIInterfaceOrientationPortrait UIInterfaceOrientationLandscapeLeft UIInterfaceOrientationLandscapeRight";
				IPHONEOS_DEPLOYMENT_TARGET = 14.0;
				LD_RUNPATH_SEARCH_PATHS = (
					"$(inherited)",
					"@executable_path/Frameworks",
				);
				MARKETING_VERSION = 1.0;
				PRODUCT_BUNDLE_IDENTIFIER = com.ateeqahmed.com.NetflixMovies;
				PRODUCT_NAME = "$(TARGET_NAME)";
				SWIFT_EMIT_LOC_STRINGS = YES;
				SWIFT_VERSION = 5.0;
				TARGETED_DEVICE_FAMILY = "1,2";
			};
			name = Debug;
		};
		B4EF98432C946CEF0067886E /* Release */ = {
			isa = XCBuildConfiguration;
			buildSettings = {
				ASSETCATALOG_COMPILER_APPICON_NAME = AppIcon;
				ASSETCATALOG_COMPILER_GLOBAL_ACCENT_COLOR_NAME = AccentColor;
				CODE_SIGN_STYLE = Automatic;
				CURRENT_PROJECT_VERSION = 1;
				GENERATE_INFOPLIST_FILE = YES;
				INFOPLIST_FILE = NetflixMovies/Info.plist;
				INFOPLIST_KEY_UIApplicationSupportsIndirectInputEvents = YES;
				INFOPLIST_KEY_UILaunchStoryboardName = LaunchScreen;
				INFOPLIST_KEY_UIMainStoryboardFile = Main;
				INFOPLIST_KEY_UISupportedInterfaceOrientations_iPad = "UIInterfaceOrientationPortrait UIInterfaceOrientationPortraitUpsideDown UIInterfaceOrientationLandscapeLeft UIInterfaceOrientationLandscapeRight";
				INFOPLIST_KEY_UISupportedInterfaceOrientations_iPhone = "UIInterfaceOrientationPortrait UIInterfaceOrientationLandscapeLeft UIInterfaceOrientationLandscapeRight";
				IPHONEOS_DEPLOYMENT_TARGET = 14.0;
				LD_RUNPATH_SEARCH_PATHS = (
					"$(inherited)",
					"@executable_path/Frameworks",
				);
				MARKETING_VERSION = 1.0;
				PRODUCT_BUNDLE_IDENTIFIER = com.ateeqahmed.com.NetflixMovies;
				PRODUCT_NAME = "$(TARGET_NAME)";
				SWIFT_EMIT_LOC_STRINGS = YES;
				SWIFT_VERSION = 5.0;
				TARGETED_DEVICE_FAMILY = "1,2";
			};
			name = Release;
		};
/* End XCBuildConfiguration section */

/* Begin XCConfigurationList section */
		B4EF98282C946CEE0067886E /* Build configuration list for PBXProject "NetflixMovies" */ = {
			isa = XCConfigurationList;
			buildConfigurations = (
				B4EF983F2C946CEF0067886E /* Debug */,
				B4EF98402C946CEF0067886E /* Release */,
			);
			defaultConfigurationIsVisible = 0;
			defaultConfigurationName = Release;
		};
		B4EF98412C946CEF0067886E /* Build configuration list for PBXNativeTarget "NetflixMovies" */ = {
			isa = XCConfigurationList;
			buildConfigurations = (
				B4EF98422C946CEF0067886E /* Debug */,
				B4EF98432C946CEF0067886E /* Release */,
			);
			defaultConfigurationIsVisible = 0;
			defaultConfigurationName = Release;
		};
/* End XCConfigurationList section */
	};
	rootObject = B4EF98252C946CEE0067886E /* Project object */;
}
